
Microsoft Visual Studio Solution File, Format Version 11.00
# Visual Studio 2010
Project("{8BC9CEB8-8B4A-11D0-8D11-00A0C91BC942}") = "KDZ(C++)", "KDZ(C++)\KDZ(C++).vcxproj", "{37C75B74-DB9B-47F9-8BF0-DECB42B0444E}"
EndProject
Global
	GlobalSection(SolutionConfigurationPlatforms) = preSolution
		Debug|Win32 = Debug|Win32
		Release|Win32 = Release|Win32
	EndGlobalSection
	GlobalSection(ProjectConfigurationPlatforms) = postSolution
		{37C75B74-DB9B-47F9-8BF0-DECB42B0444E}.Debug|Win32.ActiveCfg = Debug|Win32
		{37C75B74-DB9B-47F9-8BF0-DECB42B0444E}.Debug|Win32.Build.0 = Debug|Win32
		{37C75B74-DB9B-47F9-8BF0-DECB42B0444E}.Release|Win32.ActiveCfg = Release|Win32
		{37C75B74-DB9B-47F9-8BF0-DECB42B0444E}.Release|Win32.Build.0 = Release|Win32
	EndGlobalSection
	GlobalSection(SolutionProperties) = preSolution
		HideSolutionNode = FALSE
	EndGlobalSection
EndGlobal
