
Microsoft Visual Studio Solution File, Format Version 11.00
# Visual Studio 2010
Project("{8BC9CEB8-8B4A-11D0-8D11-00A0C91BC942}") = "Stack", "Stack\Stack.vcxproj", "{C75AE349-1CB5-453B-93CA-477C7BCD88EC}"
EndProject
Global
	GlobalSection(SolutionConfigurationPlatforms) = preSolution
		Debug|Win32 = Debug|Win32
		Release|Win32 = Release|Win32
	EndGlobalSection
	GlobalSection(ProjectConfigurationPlatforms) = postSolution
		{C75AE349-1CB5-453B-93CA-477C7BCD88EC}.Debug|Win32.ActiveCfg = Debug|Win32
		{C75AE349-1CB5-453B-93CA-477C7BCD88EC}.Debug|Win32.Build.0 = Debug|Win32
		{C75AE349-1CB5-453B-93CA-477C7BCD88EC}.Release|Win32.ActiveCfg = Release|Win32
		{C75AE349-1CB5-453B-93CA-477C7BCD88EC}.Release|Win32.Build.0 = Release|Win32
	EndGlobalSection
	GlobalSection(SolutionProperties) = preSolution
		HideSolutionNode = FALSE
	EndGlobalSection
EndGlobal
